// !$*UTF8*$!
{
	archiveVersion = 1;
	classes = {
	};
	objectVersion = 55;
	objects = {

/* Begin PBXBuildFile section */
		5201826228BC861F004C667E /* JaejunShinPortfolioTests.swift in Sources */ = {isa = PBXBuildFile; fileRef = 5201826128BC861F004C667E /* JaejunShinPortfolioTests.swift */; };
		5201826928BC8916004C667E /* AssetTest.swift in Sources */ = {isa = PBXBuildFile; fileRef = 5201826828BC8916004C667E /* AssetTest.swift */; };
		521188A328A9FF2400981F22 /* ProjectHeaderView.swift in Sources */ = {isa = PBXBuildFile; fileRef = 521188A228A9FF2400981F22 /* ProjectHeaderView.swift */; };
		521188A528AA030000981F22 /* Colors.xcassets in Resources */ = {isa = PBXBuildFile; fileRef = 521188A428AA030000981F22 /* Colors.xcassets */; };
		521188A728AA063100981F22 /* EditProjectView.swift in Sources */ = {isa = PBXBuildFile; fileRef = 521188A628AA063100981F22 /* EditProjectView.swift */; };
		521758BD28C3205A005B526D /* ProjectsViewModel.swift in Sources */ = {isa = PBXBuildFile; fileRef = 521758BC28C3205A005B526D /* ProjectsViewModel.swift */; };
		5220040028C066A100B932B4 /* PerformanceTests.swift in Sources */ = {isa = PBXBuildFile; fileRef = 522003FF28C066A100B932B4 /* PerformanceTests.swift */; };
		5220040828C070D100B932B4 /* JaejunShinPortfolioUITests.swift in Sources */ = {isa = PBXBuildFile; fileRef = 5220040728C070D100B932B4 /* JaejunShinPortfolioUITests.swift */; };
		5220040A28C070D100B932B4 /* JaejunShinPortfolioUITestsLaunchTests.swift in Sources */ = {isa = PBXBuildFile; fileRef = 5220040928C070D100B932B4 /* JaejunShinPortfolioUITestsLaunchTests.swift */; };
		5251162E28AF7E6D000E4E26 /* Color-Additions.swift in Sources */ = {isa = PBXBuildFile; fileRef = 5251162D28AF7E6D000E4E26 /* Color-Additions.swift */; };
		5252883528C5B7DA00061D9E /* HomeViewModel.swift in Sources */ = {isa = PBXBuildFile; fileRef = 5252883428C5B7DA00061D9E /* HomeViewModel.swift */; };
		525BC8D628B729AA0022E661 /* ItemListView.swift in Sources */ = {isa = PBXBuildFile; fileRef = 525BC8D528B729AA0022E661 /* ItemListView.swift */; };
		525BC8D828B72B950022E661 /* ProjectSummaryView.swift in Sources */ = {isa = PBXBuildFile; fileRef = 525BC8D728B72B950022E661 /* ProjectSummaryView.swift */; };
		526E56C028A3A06900EC3F45 /* JaejunShinPortfolioApp.swift in Sources */ = {isa = PBXBuildFile; fileRef = 526E56BF28A3A06900EC3F45 /* JaejunShinPortfolioApp.swift */; };
		526E56C228A3A06900EC3F45 /* ContentView.swift in Sources */ = {isa = PBXBuildFile; fileRef = 526E56C128A3A06900EC3F45 /* ContentView.swift */; };
		526E56C428A3A06B00EC3F45 /* Assets.xcassets in Resources */ = {isa = PBXBuildFile; fileRef = 526E56C328A3A06B00EC3F45 /* Assets.xcassets */; };
		526E56C728A3A06B00EC3F45 /* Preview Assets.xcassets in Resources */ = {isa = PBXBuildFile; fileRef = 526E56C628A3A06B00EC3F45 /* Preview Assets.xcassets */; };
		526E56D028A3A08200EC3F45 /* Main.xcdatamodeld in Sources */ = {isa = PBXBuildFile; fileRef = 526E56CD28A3A08200EC3F45 /* Main.xcdatamodeld */; };
		526E56D128A3A08200EC3F45 /* DataController.swift in Sources */ = {isa = PBXBuildFile; fileRef = 526E56CF28A3A08200EC3F45 /* DataController.swift */; };
		52764FA128CEFDC900A00B42 /* UnlockManager.swift in Sources */ = {isa = PBXBuildFile; fileRef = 52764FA028CEFDC900A00B42 /* UnlockManager.swift */; };
		52817CF528A4DB5500833C81 /* Item-CoreDataHelper.swift in Sources */ = {isa = PBXBuildFile; fileRef = 52817CF428A4DB5500833C81 /* Item-CoreDataHelper.swift */; };
		52817CF728A4DDAE00833C81 /* Project-CoreDataHelper.swift in Sources */ = {isa = PBXBuildFile; fileRef = 52817CF628A4DDAE00833C81 /* Project-CoreDataHelper.swift */; };
		52ADC78C28BF275F002BA3F3 /* ExtentionTests.swift in Sources */ = {isa = PBXBuildFile; fileRef = 52ADC78B28BF275F002BA3F3 /* ExtentionTests.swift */; };
		52ADC79128BF316D002BA3F3 /* DecodableString.json in Resources */ = {isa = PBXBuildFile; fileRef = 52ADC79028BF316D002BA3F3 /* DecodableString.json */; };
		52ADC79728BF343E002BA3F3 /* DecodableDictionary.json in Resources */ = {isa = PBXBuildFile; fileRef = 52ADC79628BF343E002BA3F3 /* DecodableDictionary.json */; };
		52D40E3828BDCB0D00A9D15E /* ProjectTests.swift in Sources */ = {isa = PBXBuildFile; fileRef = 52D40E3728BDCB0D00A9D15E /* ProjectTests.swift */; };
		52D40E3A28BDD7A600A9D15E /* AwardTests.swift in Sources */ = {isa = PBXBuildFile; fileRef = 52D40E3928BDD7A600A9D15E /* AwardTests.swift */; };
		52D40E3C28BDF65200A9D15E /* DevelopmentTests.swift in Sources */ = {isa = PBXBuildFile; fileRef = 52D40E3B28BDF65200A9D15E /* DevelopmentTests.swift */; };
		52D5549C28A3B685000C26A9 /* HomeView.swift in Sources */ = {isa = PBXBuildFile; fileRef = 52D5549B28A3B685000C26A9 /* HomeView.swift */; };
		52D5549E28A3B6BC000C26A9 /* ProjectsView.swift in Sources */ = {isa = PBXBuildFile; fileRef = 52D5549D28A3B6BC000C26A9 /* ProjectsView.swift */; };
		52E2861628A8DD7D00F2474C /* EditItemView.swift in Sources */ = {isa = PBXBuildFile; fileRef = 52E2861528A8DD7D00F2474C /* EditItemView.swift */; };
		52E2861828A8E39F00F2474C /* ItemRowView.swift in Sources */ = {isa = PBXBuildFile; fileRef = 52E2861728A8E39F00F2474C /* ItemRowView.swift */; };
		52E2861A28A8ED1300F2474C /* Binding-OnChange.swift in Sources */ = {isa = PBXBuildFile; fileRef = 52E2861928A8ED1300F2474C /* Binding-OnChange.swift */; };
		52E42E5328AC9D5D003EC564 /* Sequence-Sorting.swift in Sources */ = {isa = PBXBuildFile; fileRef = 52E42E5228AC9D5D003EC564 /* Sequence-Sorting.swift */; };
		52E42E5528ACC223003EC564 /* SelectSomethingView.swift in Sources */ = {isa = PBXBuildFile; fileRef = 52E42E5428ACC223003EC564 /* SelectSomethingView.swift */; };
		52E5B99D28AE1AE3005398F4 /* Bundle-Decodable.swift in Sources */ = {isa = PBXBuildFile; fileRef = 52E5B99C28AE1AE3005398F4 /* Bundle-Decodable.swift */; };
		52E5B99F28AE1C37005398F4 /* Award.swift in Sources */ = {isa = PBXBuildFile; fileRef = 52E5B99E28AE1C37005398F4 /* Award.swift */; };
		52E5B9A128AE1E98005398F4 /* AwardsView.swift in Sources */ = {isa = PBXBuildFile; fileRef = 52E5B9A028AE1E98005398F4 /* AwardsView.swift */; };
		52F4F57828B4A6ED00D95D92 /* Localizable.strings in Resources */ = {isa = PBXBuildFile; fileRef = 52F4F57A28B4A6ED00D95D92 /* Localizable.strings */; };
		52F4F57C28B4A6F700D95D92 /* Localizable.stringsdict in Resources */ = {isa = PBXBuildFile; fileRef = 52F4F57E28B4A6F700D95D92 /* Localizable.stringsdict */; };
		52F4F58028B4AA8900D95D92 /* Awards.json in Resources */ = {isa = PBXBuildFile; fileRef = 52F4F58228B4AA8900D95D92 /* Awards.json */; };
/* End PBXBuildFile section */

/* Begin PBXContainerItemProxy section */
		5201826328BC861F004C667E /* PBXContainerItemProxy */ = {
			isa = PBXContainerItemProxy;
			containerPortal = 526E56B428A3A06900EC3F45 /* Project object */;
			proxyType = 1;
			remoteGlobalIDString = 526E56BB28A3A06900EC3F45;
			remoteInfo = JaejunShinPortfolio;
		};
		5220040B28C070D100B932B4 /* PBXContainerItemProxy */ = {
			isa = PBXContainerItemProxy;
			containerPortal = 526E56B428A3A06900EC3F45 /* Project object */;
			proxyType = 1;
			remoteGlobalIDString = 526E56BB28A3A06900EC3F45;
			remoteInfo = JaejunShinPortfolio;
		};
/* End PBXContainerItemProxy section */

/* Begin PBXFileReference section */
		5201825F28BC861F004C667E /* JaejunShinPortfolioTests.xctest */ = {isa = PBXFileReference; explicitFileType = wrapper.cfbundle; includeInIndex = 0; path = JaejunShinPortfolioTests.xctest; sourceTree = BUILT_PRODUCTS_DIR; };
		5201826128BC861F004C667E /* JaejunShinPortfolioTests.swift */ = {isa = PBXFileReference; lastKnownFileType = sourcecode.swift; path = JaejunShinPortfolioTests.swift; sourceTree = "<group>"; };
		5201826828BC8916004C667E /* AssetTest.swift */ = {isa = PBXFileReference; lastKnownFileType = sourcecode.swift; path = AssetTest.swift; sourceTree = "<group>"; };
		521188A228A9FF2400981F22 /* ProjectHeaderView.swift */ = {isa = PBXFileReference; lastKnownFileType = sourcecode.swift; path = ProjectHeaderView.swift; sourceTree = "<group>"; };
		521188A428AA030000981F22 /* Colors.xcassets */ = {isa = PBXFileReference; lastKnownFileType = folder.assetcatalog; path = Colors.xcassets; sourceTree = "<group>"; };
		521188A628AA063100981F22 /* EditProjectView.swift */ = {isa = PBXFileReference; lastKnownFileType = sourcecode.swift; path = EditProjectView.swift; sourceTree = "<group>"; };
		521758BC28C3205A005B526D /* ProjectsViewModel.swift */ = {isa = PBXFileReference; lastKnownFileType = sourcecode.swift; path = ProjectsViewModel.swift; sourceTree = "<group>"; };
		522003FF28C066A100B932B4 /* PerformanceTests.swift */ = {isa = PBXFileReference; lastKnownFileType = sourcecode.swift; path = PerformanceTests.swift; sourceTree = "<group>"; };
		5220040528C070D100B932B4 /* JaejunShinPortfolioUITests.xctest */ = {isa = PBXFileReference; explicitFileType = wrapper.cfbundle; includeInIndex = 0; path = JaejunShinPortfolioUITests.xctest; sourceTree = BUILT_PRODUCTS_DIR; };
		5220040728C070D100B932B4 /* JaejunShinPortfolioUITests.swift */ = {isa = PBXFileReference; lastKnownFileType = sourcecode.swift; path = JaejunShinPortfolioUITests.swift; sourceTree = "<group>"; };
		5220040928C070D100B932B4 /* JaejunShinPortfolioUITestsLaunchTests.swift */ = {isa = PBXFileReference; lastKnownFileType = sourcecode.swift; path = JaejunShinPortfolioUITestsLaunchTests.swift; sourceTree = "<group>"; };
		5251162D28AF7E6D000E4E26 /* Color-Additions.swift */ = {isa = PBXFileReference; lastKnownFileType = sourcecode.swift; path = "Color-Additions.swift"; sourceTree = "<group>"; };
		5252883428C5B7DA00061D9E /* HomeViewModel.swift */ = {isa = PBXFileReference; lastKnownFileType = sourcecode.swift; path = HomeViewModel.swift; sourceTree = "<group>"; };
		525BC8D528B729AA0022E661 /* ItemListView.swift */ = {isa = PBXFileReference; lastKnownFileType = sourcecode.swift; path = ItemListView.swift; sourceTree = "<group>"; };
		525BC8D728B72B950022E661 /* ProjectSummaryView.swift */ = {isa = PBXFileReference; lastKnownFileType = sourcecode.swift; path = ProjectSummaryView.swift; sourceTree = "<group>"; };
		526E56BC28A3A06900EC3F45 /* JaejunShinPortfolio.app */ = {isa = PBXFileReference; explicitFileType = wrapper.application; includeInIndex = 0; path = JaejunShinPortfolio.app; sourceTree = BUILT_PRODUCTS_DIR; };
		526E56BF28A3A06900EC3F45 /* JaejunShinPortfolioApp.swift */ = {isa = PBXFileReference; lastKnownFileType = sourcecode.swift; path = JaejunShinPortfolioApp.swift; sourceTree = "<group>"; };
		526E56C128A3A06900EC3F45 /* ContentView.swift */ = {isa = PBXFileReference; lastKnownFileType = sourcecode.swift; path = ContentView.swift; sourceTree = "<group>"; };
		526E56C328A3A06B00EC3F45 /* Assets.xcassets */ = {isa = PBXFileReference; lastKnownFileType = folder.assetcatalog; path = Assets.xcassets; sourceTree = "<group>"; };
		526E56C628A3A06B00EC3F45 /* Preview Assets.xcassets */ = {isa = PBXFileReference; lastKnownFileType = folder.assetcatalog; path = "Preview Assets.xcassets"; sourceTree = "<group>"; };
		526E56CE28A3A08200EC3F45 /* Model.xcdatamodel */ = {isa = PBXFileReference; lastKnownFileType = wrapper.xcdatamodel; path = Model.xcdatamodel; sourceTree = "<group>"; };
		526E56CF28A3A08200EC3F45 /* DataController.swift */ = {isa = PBXFileReference; fileEncoding = 4; lastKnownFileType = sourcecode.swift; path = DataController.swift; sourceTree = "<group>"; };
		526E56D228A3A34D00EC3F45 /* Info.plist */ = {isa = PBXFileReference; lastKnownFileType = text.plist.xml; path = Info.plist; sourceTree = "<group>"; };
		52764F9F28CEFAAE00A00B42 /* JaejunShinPortfolio.entitlements */ = {isa = PBXFileReference; lastKnownFileType = text.plist.entitlements; path = JaejunShinPortfolio.entitlements; sourceTree = "<group>"; };
		52764FA028CEFDC900A00B42 /* UnlockManager.swift */ = {isa = PBXFileReference; lastKnownFileType = sourcecode.swift; path = UnlockManager.swift; sourceTree = SOURCE_ROOT; };
		52817CF428A4DB5500833C81 /* Item-CoreDataHelper.swift */ = {isa = PBXFileReference; lastKnownFileType = sourcecode.swift; path = "Item-CoreDataHelper.swift"; sourceTree = "<group>"; };
		52817CF628A4DDAE00833C81 /* Project-CoreDataHelper.swift */ = {isa = PBXFileReference; lastKnownFileType = sourcecode.swift; path = "Project-CoreDataHelper.swift"; sourceTree = "<group>"; };
		52ADC78B28BF275F002BA3F3 /* ExtentionTests.swift */ = {isa = PBXFileReference; lastKnownFileType = sourcecode.swift; path = ExtentionTests.swift; sourceTree = "<group>"; };
		52ADC79028BF316D002BA3F3 /* DecodableString.json */ = {isa = PBXFileReference; lastKnownFileType = text.json; path = DecodableString.json; sourceTree = "<group>"; };
		52ADC79628BF343E002BA3F3 /* DecodableDictionary.json */ = {isa = PBXFileReference; lastKnownFileType = text.json; path = DecodableDictionary.json; sourceTree = "<group>"; };
		52D40E3728BDCB0D00A9D15E /* ProjectTests.swift */ = {isa = PBXFileReference; lastKnownFileType = sourcecode.swift; path = ProjectTests.swift; sourceTree = "<group>"; };
		52D40E3928BDD7A600A9D15E /* AwardTests.swift */ = {isa = PBXFileReference; lastKnownFileType = sourcecode.swift; path = AwardTests.swift; sourceTree = "<group>"; };
		52D40E3B28BDF65200A9D15E /* DevelopmentTests.swift */ = {isa = PBXFileReference; lastKnownFileType = sourcecode.swift; path = DevelopmentTests.swift; sourceTree = "<group>"; };
		52D5549B28A3B685000C26A9 /* HomeView.swift */ = {isa = PBXFileReference; lastKnownFileType = sourcecode.swift; path = HomeView.swift; sourceTree = "<group>"; };
		52D5549D28A3B6BC000C26A9 /* ProjectsView.swift */ = {isa = PBXFileReference; lastKnownFileType = sourcecode.swift; path = ProjectsView.swift; sourceTree = "<group>"; };
		52E2861528A8DD7D00F2474C /* EditItemView.swift */ = {isa = PBXFileReference; lastKnownFileType = sourcecode.swift; path = EditItemView.swift; sourceTree = "<group>"; };
		52E2861728A8E39F00F2474C /* ItemRowView.swift */ = {isa = PBXFileReference; lastKnownFileType = sourcecode.swift; path = ItemRowView.swift; sourceTree = "<group>"; };
		52E2861928A8ED1300F2474C /* Binding-OnChange.swift */ = {isa = PBXFileReference; lastKnownFileType = sourcecode.swift; path = "Binding-OnChange.swift"; sourceTree = "<group>"; };
		52E42E5228AC9D5D003EC564 /* Sequence-Sorting.swift */ = {isa = PBXFileReference; lastKnownFileType = sourcecode.swift; path = "Sequence-Sorting.swift"; sourceTree = "<group>"; };
		52E42E5428ACC223003EC564 /* SelectSomethingView.swift */ = {isa = PBXFileReference; lastKnownFileType = sourcecode.swift; path = SelectSomethingView.swift; sourceTree = "<group>"; };
		52E5B99C28AE1AE3005398F4 /* Bundle-Decodable.swift */ = {isa = PBXFileReference; lastKnownFileType = sourcecode.swift; path = "Bundle-Decodable.swift"; sourceTree = "<group>"; };
		52E5B99E28AE1C37005398F4 /* Award.swift */ = {isa = PBXFileReference; lastKnownFileType = sourcecode.swift; path = Award.swift; sourceTree = "<group>"; };
		52E5B9A028AE1E98005398F4 /* AwardsView.swift */ = {isa = PBXFileReference; lastKnownFileType = sourcecode.swift; path = AwardsView.swift; sourceTree = "<group>"; };
		52F4F57928B4A6ED00D95D92 /* en */ = {isa = PBXFileReference; lastKnownFileType = text.plist.strings; name = en; path = en.lproj/Localizable.strings; sourceTree = "<group>"; };
		52F4F57B28B4A6EE00D95D92 /* ko */ = {isa = PBXFileReference; lastKnownFileType = text.plist.strings; name = ko; path = ko.lproj/Localizable.strings; sourceTree = "<group>"; };
		52F4F57D28B4A6F700D95D92 /* en */ = {isa = PBXFileReference; lastKnownFileType = text.plist.stringsdict; name = en; path = en.lproj/Localizable.stringsdict; sourceTree = "<group>"; };
		52F4F57F28B4A6F900D95D92 /* ko */ = {isa = PBXFileReference; lastKnownFileType = text.plist.stringsdict; name = ko; path = ko.lproj/Localizable.stringsdict; sourceTree = "<group>"; };
		52F4F58128B4AA8900D95D92 /* en */ = {isa = PBXFileReference; lastKnownFileType = text.json; name = en; path = en.lproj/Awards.json; sourceTree = "<group>"; };
		52F4F58328B4AA8A00D95D92 /* ko */ = {isa = PBXFileReference; lastKnownFileType = text.json; name = ko; path = ko.lproj/Awards.json; sourceTree = "<group>"; };
/* End PBXFileReference section */

/* Begin PBXFrameworksBuildPhase section */
		5201825C28BC861F004C667E /* Frameworks */ = {
			isa = PBXFrameworksBuildPhase;
			buildActionMask = 2147483647;
			files = (
			);
			runOnlyForDeploymentPostprocessing = 0;
		};
		5220040228C070D100B932B4 /* Frameworks */ = {
			isa = PBXFrameworksBuildPhase;
			buildActionMask = 2147483647;
			files = (
			);
			runOnlyForDeploymentPostprocessing = 0;
		};
		526E56B928A3A06900EC3F45 /* Frameworks */ = {
			isa = PBXFrameworksBuildPhase;
			buildActionMask = 2147483647;
			files = (
			);
			runOnlyForDeploymentPostprocessing = 0;
		};
/* End PBXFrameworksBuildPhase section */

/* Begin PBXGroup section */
		5201825428BC6BFF004C667E /* Configuration */ = {
			isa = PBXGroup;
			children = (
				526E56D228A3A34D00EC3F45 /* Info.plist */,
				526E56CD28A3A08200EC3F45 /* Main.xcdatamodeld */,
			);
			path = Configuration;
			sourceTree = "<group>";
		};
		5201825528BC6C02004C667E /* Localization */ = {
			isa = PBXGroup;
			children = (
				52F4F57E28B4A6F700D95D92 /* Localizable.stringsdict */,
				52F4F57A28B4A6ED00D95D92 /* Localizable.strings */,
			);
			path = Localization;
			sourceTree = "<group>";
		};
		5201825628BC6C06004C667E /* Extentions */ = {
			isa = PBXGroup;
			children = (
				52817CF428A4DB5500833C81 /* Item-CoreDataHelper.swift */,
				52817CF628A4DDAE00833C81 /* Project-CoreDataHelper.swift */,
				52E42E5228AC9D5D003EC564 /* Sequence-Sorting.swift */,
				52E5B99C28AE1AE3005398F4 /* Bundle-Decodable.swift */,
				52E2861928A8ED1300F2474C /* Binding-OnChange.swift */,
				5251162D28AF7E6D000E4E26 /* Color-Additions.swift */,
			);
			path = Extentions;
			sourceTree = "<group>";
		};
		5201825728BC6CC1004C667E /* Activities */ = {
			isa = PBXGroup;
			children = (
				5201825A28BC6CD0004C667E /* Home */,
				5201825928BC6CCE004C667E /* Projects */,
				5201825828BC6CCC004C667E /* Awards */,
			);
			path = Activities;
			sourceTree = "<group>";
		};
		5201825828BC6CCC004C667E /* Awards */ = {
			isa = PBXGroup;
			children = (
				52E5B9A028AE1E98005398F4 /* AwardsView.swift */,
				52E5B99E28AE1C37005398F4 /* Award.swift */,
				52F4F58228B4AA8900D95D92 /* Awards.json */,
			);
			path = Awards;
			sourceTree = "<group>";
		};
		5201825928BC6CCE004C667E /* Projects */ = {
			isa = PBXGroup;
			children = (
				52D5549D28A3B6BC000C26A9 /* ProjectsView.swift */,
				521758BC28C3205A005B526D /* ProjectsViewModel.swift */,
				52E42E5428ACC223003EC564 /* SelectSomethingView.swift */,
				521188A228A9FF2400981F22 /* ProjectHeaderView.swift */,
				52E2861728A8E39F00F2474C /* ItemRowView.swift */,
				521188A628AA063100981F22 /* EditProjectView.swift */,
				52E2861528A8DD7D00F2474C /* EditItemView.swift */,
			);
			path = Projects;
			sourceTree = "<group>";
		};
		5201825A28BC6CD0004C667E /* Home */ = {
			isa = PBXGroup;
			children = (
				52D5549B28A3B685000C26A9 /* HomeView.swift */,
				5252883428C5B7DA00061D9E /* HomeViewModel.swift */,
				525BC8D728B72B950022E661 /* ProjectSummaryView.swift */,
				525BC8D528B729AA0022E661 /* ItemListView.swift */,
			);
			path = Home;
			sourceTree = "<group>";
		};
		5201826028BC861F004C667E /* JaejunShinPortfolioTests */ = {
			isa = PBXGroup;
			children = (
				52ADC78D28BF2DF0002BA3F3 /* Fixtures */,
				5201826128BC861F004C667E /* JaejunShinPortfolioTests.swift */,
				5201826828BC8916004C667E /* AssetTest.swift */,
				52D40E3728BDCB0D00A9D15E /* ProjectTests.swift */,
				52D40E3928BDD7A600A9D15E /* AwardTests.swift */,
				52D40E3B28BDF65200A9D15E /* DevelopmentTests.swift */,
				52ADC78B28BF275F002BA3F3 /* ExtentionTests.swift */,
				522003FF28C066A100B932B4 /* PerformanceTests.swift */,
			);
			path = JaejunShinPortfolioTests;
			sourceTree = "<group>";
		};
		5220040628C070D100B932B4 /* JaejunShinPortfolioUITests */ = {
			isa = PBXGroup;
			children = (
				5220040728C070D100B932B4 /* JaejunShinPortfolioUITests.swift */,
				5220040928C070D100B932B4 /* JaejunShinPortfolioUITestsLaunchTests.swift */,
			);
			path = JaejunShinPortfolioUITests;
			sourceTree = "<group>";
		};
		526E56B328A3A06900EC3F45 = {
			isa = PBXGroup;
			children = (
				526E56BE28A3A06900EC3F45 /* JaejunShinPortfolio */,
				526E56BD28A3A06900EC3F45 /* Products */,
			);
			sourceTree = "<group>";
		};
		526E56BD28A3A06900EC3F45 /* Products */ = {
			isa = PBXGroup;
			children = (
				526E56BC28A3A06900EC3F45 /* JaejunShinPortfolio.app */,
				5201825F28BC861F004C667E /* JaejunShinPortfolioTests.xctest */,
				5220040528C070D100B932B4 /* JaejunShinPortfolioUITests.xctest */,
			);
			name = Products;
			sourceTree = "<group>";
		};
		526E56BE28A3A06900EC3F45 /* JaejunShinPortfolio */ = {
			isa = PBXGroup;
			children = (
				52764FA028CEFDC900A00B42 /* UnlockManager.swift */,
				52764F9F28CEFAAE00A00B42 /* JaejunShinPortfolio.entitlements */,
				5201825728BC6CC1004C667E /* Activities */,
				5201825628BC6C06004C667E /* Extentions */,
				5201825528BC6C02004C667E /* Localization */,
				5201825428BC6BFF004C667E /* Configuration */,
				526E56BF28A3A06900EC3F45 /* JaejunShinPortfolioApp.swift */,
				526E56C128A3A06900EC3F45 /* ContentView.swift */,
				526E56CF28A3A08200EC3F45 /* DataController.swift */,
				5201826028BC861F004C667E /* JaejunShinPortfolioTests */,
				5220040628C070D100B932B4 /* JaejunShinPortfolioUITests */,
				526E56C328A3A06B00EC3F45 /* Assets.xcassets */,
				521188A428AA030000981F22 /* Colors.xcassets */,
				526E56C528A3A06B00EC3F45 /* Preview Content */,
			);
			path = JaejunShinPortfolio;
			sourceTree = "<group>";
		};
		526E56C528A3A06B00EC3F45 /* Preview Content */ = {
			isa = PBXGroup;
			children = (
				526E56C628A3A06B00EC3F45 /* Preview Assets.xcassets */,
			);
			path = "Preview Content";
			sourceTree = "<group>";
		};
		52ADC78D28BF2DF0002BA3F3 /* Fixtures */ = {
			isa = PBXGroup;
			children = (
				52ADC79028BF316D002BA3F3 /* DecodableString.json */,
				52ADC79628BF343E002BA3F3 /* DecodableDictionary.json */,
			);
			path = Fixtures;
			sourceTree = "<group>";
		};
/* End PBXGroup section */

/* Begin PBXNativeTarget section */
		5201825E28BC861F004C667E /* JaejunShinPortfolioTests */ = {
			isa = PBXNativeTarget;
			buildConfigurationList = 5201826528BC861F004C667E /* Build configuration list for PBXNativeTarget "JaejunShinPortfolioTests" */;
			buildPhases = (
				5201825B28BC861F004C667E /* Sources */,
				5201825C28BC861F004C667E /* Frameworks */,
				5201825D28BC861F004C667E /* Resources */,
			);
			buildRules = (
			);
			dependencies = (
				5201826428BC861F004C667E /* PBXTargetDependency */,
			);
			name = JaejunShinPortfolioTests;
			productName = JaejunShinPortfolioTests;
			productReference = 5201825F28BC861F004C667E /* JaejunShinPortfolioTests.xctest */;
			productType = "com.apple.product-type.bundle.unit-test";
		};
		5220040428C070D100B932B4 /* JaejunShinPortfolioUITests */ = {
			isa = PBXNativeTarget;
			buildConfigurationList = 5220040D28C070D100B932B4 /* Build configuration list for PBXNativeTarget "JaejunShinPortfolioUITests" */;
			buildPhases = (
				5220040128C070D100B932B4 /* Sources */,
				5220040228C070D100B932B4 /* Frameworks */,
				5220040328C070D100B932B4 /* Resources */,
			);
			buildRules = (
			);
			dependencies = (
				5220040C28C070D100B932B4 /* PBXTargetDependency */,
			);
			name = JaejunShinPortfolioUITests;
			productName = JaejunShinPortfolioUITests;
			productReference = 5220040528C070D100B932B4 /* JaejunShinPortfolioUITests.xctest */;
			productType = "com.apple.product-type.bundle.ui-testing";
		};
		526E56BB28A3A06900EC3F45 /* JaejunShinPortfolio */ = {
			isa = PBXNativeTarget;
			buildConfigurationList = 526E56CA28A3A06B00EC3F45 /* Build configuration list for PBXNativeTarget "JaejunShinPortfolio" */;
			buildPhases = (
				5266AA0228B8A64E0018632F /* SwiftLint */,
				526E56B828A3A06900EC3F45 /* Sources */,
				526E56B928A3A06900EC3F45 /* Frameworks */,
				526E56BA28A3A06900EC3F45 /* Resources */,
			);
			buildRules = (
			);
			dependencies = (
			);
			name = JaejunShinPortfolio;
			productName = JaejunShinPortfolio;
			productReference = 526E56BC28A3A06900EC3F45 /* JaejunShinPortfolio.app */;
			productType = "com.apple.product-type.application";
		};
/* End PBXNativeTarget section */

/* Begin PBXProject section */
		526E56B428A3A06900EC3F45 /* Project object */ = {
			isa = PBXProject;
			attributes = {
				BuildIndependentTargetsInParallel = 1;
				LastSwiftUpdateCheck = 1340;
				LastUpgradeCheck = 1340;
				TargetAttributes = {
					5201825E28BC861F004C667E = {
						CreatedOnToolsVersion = 13.4.1;
						TestTargetID = 526E56BB28A3A06900EC3F45;
					};
					5220040428C070D100B932B4 = {
						CreatedOnToolsVersion = 13.4.1;
						TestTargetID = 526E56BB28A3A06900EC3F45;
					};
					526E56BB28A3A06900EC3F45 = {
						CreatedOnToolsVersion = 13.4.1;
					};
				};
			};
			buildConfigurationList = 526E56B728A3A06900EC3F45 /* Build configuration list for PBXProject "JaejunShinPortfolio" */;
			compatibilityVersion = "Xcode 13.0";
			developmentRegion = en;
			hasScannedForEncodings = 0;
			knownRegions = (
				en,
				Base,
				ko,
			);
			mainGroup = 526E56B328A3A06900EC3F45;
			productRefGroup = 526E56BD28A3A06900EC3F45 /* Products */;
			projectDirPath = "";
			projectRoot = "";
			targets = (
				526E56BB28A3A06900EC3F45 /* JaejunShinPortfolio */,
				5201825E28BC861F004C667E /* JaejunShinPortfolioTests */,
				5220040428C070D100B932B4 /* JaejunShinPortfolioUITests */,
			);
		};
/* End PBXProject section */

/* Begin PBXResourcesBuildPhase section */
		5201825D28BC861F004C667E /* Resources */ = {
			isa = PBXResourcesBuildPhase;
			buildActionMask = 2147483647;
			files = (
				52ADC79128BF316D002BA3F3 /* DecodableString.json in Resources */,
				52ADC79728BF343E002BA3F3 /* DecodableDictionary.json in Resources */,
			);
			runOnlyForDeploymentPostprocessing = 0;
		};
		5220040328C070D100B932B4 /* Resources */ = {
			isa = PBXResourcesBuildPhase;
			buildActionMask = 2147483647;
			files = (
			);
			runOnlyForDeploymentPostprocessing = 0;
		};
		526E56BA28A3A06900EC3F45 /* Resources */ = {
			isa = PBXResourcesBuildPhase;
			buildActionMask = 2147483647;
			files = (
				52F4F57828B4A6ED00D95D92 /* Localizable.strings in Resources */,
				521188A528AA030000981F22 /* Colors.xcassets in Resources */,
				52F4F58028B4AA8900D95D92 /* Awards.json in Resources */,
				526E56C728A3A06B00EC3F45 /* Preview Assets.xcassets in Resources */,
				526E56C428A3A06B00EC3F45 /* Assets.xcassets in Resources */,
				52F4F57C28B4A6F700D95D92 /* Localizable.stringsdict in Resources */,
			);
			runOnlyForDeploymentPostprocessing = 0;
		};
/* End PBXResourcesBuildPhase section */

/* Begin PBXShellScriptBuildPhase section */
		5266AA0228B8A64E0018632F /* SwiftLint */ = {
			isa = PBXShellScriptBuildPhase;
			buildActionMask = 2147483647;
			files = (
			);
			inputFileListPaths = (
			);
			inputPaths = (
			);
			name = SwiftLint;
			outputFileListPaths = (
			);
			outputPaths = (
			);
			runOnlyForDeploymentPostprocessing = 0;
			shellPath = /bin/sh;
			shellScript = "export PATH=\"$PATH:/opt/homebrew/bin\"\nif which swiftlint > /dev/null; then\n  swiftlint\nelse\n  echo \"warning: SwiftLint not installed, download from https://github.com/realm/SwiftLint\"\nfi\n";
		};
/* End PBXShellScriptBuildPhase section */

/* Begin PBXSourcesBuildPhase section */
		5201825B28BC861F004C667E /* Sources */ = {
			isa = PBXSourcesBuildPhase;
			buildActionMask = 2147483647;
			files = (
				5220040028C066A100B932B4 /* PerformanceTests.swift in Sources */,
				5201826928BC8916004C667E /* AssetTest.swift in Sources */,
				52D40E3A28BDD7A600A9D15E /* AwardTests.swift in Sources */,
				5201826228BC861F004C667E /* JaejunShinPortfolioTests.swift in Sources */,
				52D40E3828BDCB0D00A9D15E /* ProjectTests.swift in Sources */,
				52ADC78C28BF275F002BA3F3 /* ExtentionTests.swift in Sources */,
				52D40E3C28BDF65200A9D15E /* DevelopmentTests.swift in Sources */,
			);
			runOnlyForDeploymentPostprocessing = 0;
		};
		5220040128C070D100B932B4 /* Sources */ = {
			isa = PBXSourcesBuildPhase;
			buildActionMask = 2147483647;
			files = (
				5220040A28C070D100B932B4 /* JaejunShinPortfolioUITestsLaunchTests.swift in Sources */,
				5220040828C070D100B932B4 /* JaejunShinPortfolioUITests.swift in Sources */,
			);
			runOnlyForDeploymentPostprocessing = 0;
		};
		526E56B828A3A06900EC3F45 /* Sources */ = {
			isa = PBXSourcesBuildPhase;
			buildActionMask = 2147483647;
			files = (
				52D5549E28A3B6BC000C26A9 /* ProjectsView.swift in Sources */,
				525BC8D828B72B950022E661 /* ProjectSummaryView.swift in Sources */,
				521188A328A9FF2400981F22 /* ProjectHeaderView.swift in Sources */,
				52E5B9A128AE1E98005398F4 /* AwardsView.swift in Sources */,
				526E56D028A3A08200EC3F45 /* Main.xcdatamodeld in Sources */,
				52764FA128CEFDC900A00B42 /* UnlockManager.swift in Sources */,
				5252883528C5B7DA00061D9E /* HomeViewModel.swift in Sources */,
				521188A728AA063100981F22 /* EditProjectView.swift in Sources */,
				5251162E28AF7E6D000E4E26 /* Color-Additions.swift in Sources */,
				52817CF528A4DB5500833C81 /* Item-CoreDataHelper.swift in Sources */,
				526E56D128A3A08200EC3F45 /* DataController.swift in Sources */,
				52E42E5528ACC223003EC564 /* SelectSomethingView.swift in Sources */,
				52E5B99F28AE1C37005398F4 /* Award.swift in Sources */,
				52E2861828A8E39F00F2474C /* ItemRowView.swift in Sources */,
				526E56C228A3A06900EC3F45 /* ContentView.swift in Sources */,
				52E2861A28A8ED1300F2474C /* Binding-OnChange.swift in Sources */,
				52E42E5328AC9D5D003EC564 /* Sequence-Sorting.swift in Sources */,
				52E5B99D28AE1AE3005398F4 /* Bundle-Decodable.swift in Sources */,
				525BC8D628B729AA0022E661 /* ItemListView.swift in Sources */,
				52E2861628A8DD7D00F2474C /* EditItemView.swift in Sources */,
				52D5549C28A3B685000C26A9 /* HomeView.swift in Sources */,
				52817CF728A4DDAE00833C81 /* Project-CoreDataHelper.swift in Sources */,
				521758BD28C3205A005B526D /* ProjectsViewModel.swift in Sources */,
				526E56C028A3A06900EC3F45 /* JaejunShinPortfolioApp.swift in Sources */,
			);
			runOnlyForDeploymentPostprocessing = 0;
		};
/* End PBXSourcesBuildPhase section */

/* Begin PBXTargetDependency section */
		5201826428BC861F004C667E /* PBXTargetDependency */ = {
			isa = PBXTargetDependency;
			target = 526E56BB28A3A06900EC3F45 /* JaejunShinPortfolio */;
			targetProxy = 5201826328BC861F004C667E /* PBXContainerItemProxy */;
		};
		5220040C28C070D100B932B4 /* PBXTargetDependency */ = {
			isa = PBXTargetDependency;
			target = 526E56BB28A3A06900EC3F45 /* JaejunShinPortfolio */;
			targetProxy = 5220040B28C070D100B932B4 /* PBXContainerItemProxy */;
		};
/* End PBXTargetDependency section */

/* Begin PBXVariantGroup section */
		52F4F57A28B4A6ED00D95D92 /* Localizable.strings */ = {
			isa = PBXVariantGroup;
			children = (
				52F4F57928B4A6ED00D95D92 /* en */,
				52F4F57B28B4A6EE00D95D92 /* ko */,
			);
			name = Localizable.strings;
			sourceTree = "<group>";
		};
		52F4F57E28B4A6F700D95D92 /* Localizable.stringsdict */ = {
			isa = PBXVariantGroup;
			children = (
				52F4F57D28B4A6F700D95D92 /* en */,
				52F4F57F28B4A6F900D95D92 /* ko */,
			);
			name = Localizable.stringsdict;
			sourceTree = "<group>";
		};
		52F4F58228B4AA8900D95D92 /* Awards.json */ = {
			isa = PBXVariantGroup;
			children = (
				52F4F58128B4AA8900D95D92 /* en */,
				52F4F58328B4AA8A00D95D92 /* ko */,
			);
			name = Awards.json;
			sourceTree = "<group>";
		};
/* End PBXVariantGroup section */

/* Begin XCBuildConfiguration section */
		5201826628BC861F004C667E /* Debug */ = {
			isa = XCBuildConfiguration;
			buildSettings = {
				BUNDLE_LOADER = "$(TEST_HOST)";
				CODE_SIGN_STYLE = Automatic;
				CURRENT_PROJECT_VERSION = 1;
				DEVELOPMENT_TEAM = YZ2HTNTHQP;
				GENERATE_INFOPLIST_FILE = YES;
				MARKETING_VERSION = 1.0;
				PRODUCT_BUNDLE_IDENTIFIER = com.jaejunshin.JaejunShinPortfolioTests;
				PRODUCT_NAME = "$(TARGET_NAME)";
				SWIFT_EMIT_LOC_STRINGS = NO;
				SWIFT_VERSION = 5.0;
				TARGETED_DEVICE_FAMILY = "1,2";
				TEST_HOST = "$(BUILT_PRODUCTS_DIR)/JaejunShinPortfolio.app/JaejunShinPortfolio";
			};
			name = Debug;
		};
		5201826728BC861F004C667E /* Release */ = {
			isa = XCBuildConfiguration;
			buildSettings = {
				BUNDLE_LOADER = "$(TEST_HOST)";
				CODE_SIGN_STYLE = Automatic;
				CURRENT_PROJECT_VERSION = 1;
				DEVELOPMENT_TEAM = YZ2HTNTHQP;
				GENERATE_INFOPLIST_FILE = YES;
				MARKETING_VERSION = 1.0;
				PRODUCT_BUNDLE_IDENTIFIER = com.jaejunshin.JaejunShinPortfolioTests;
				PRODUCT_NAME = "$(TARGET_NAME)";
				SWIFT_EMIT_LOC_STRINGS = NO;
				SWIFT_VERSION = 5.0;
				TARGETED_DEVICE_FAMILY = "1,2";
				TEST_HOST = "$(BUILT_PRODUCTS_DIR)/JaejunShinPortfolio.app/JaejunShinPortfolio";
			};
			name = Release;
		};
		5220040E28C070D100B932B4 /* Debug */ = {
			isa = XCBuildConfiguration;
			buildSettings = {
				CODE_SIGN_STYLE = Automatic;
				CURRENT_PROJECT_VERSION = 1;
				DEVELOPMENT_TEAM = YZ2HTNTHQP;
				GENERATE_INFOPLIST_FILE = YES;
				MARKETING_VERSION = 1.0;
				PRODUCT_BUNDLE_IDENTIFIER = com.jaejunshin.JaejunShinPortfolioUITests;
				PRODUCT_NAME = "$(TARGET_NAME)";
				SWIFT_EMIT_LOC_STRINGS = NO;
				SWIFT_VERSION = 5.0;
				TARGETED_DEVICE_FAMILY = "1,2";
				TEST_TARGET_NAME = JaejunShinPortfolio;
			};
			name = Debug;
		};
		5220040F28C070D100B932B4 /* Release */ = {
			isa = XCBuildConfiguration;
			buildSettings = {
				CODE_SIGN_STYLE = Automatic;
				CURRENT_PROJECT_VERSION = 1;
				DEVELOPMENT_TEAM = YZ2HTNTHQP;
				GENERATE_INFOPLIST_FILE = YES;
				MARKETING_VERSION = 1.0;
				PRODUCT_BUNDLE_IDENTIFIER = com.jaejunshin.JaejunShinPortfolioUITests;
				PRODUCT_NAME = "$(TARGET_NAME)";
				SWIFT_EMIT_LOC_STRINGS = NO;
				SWIFT_VERSION = 5.0;
				TARGETED_DEVICE_FAMILY = "1,2";
				TEST_TARGET_NAME = JaejunShinPortfolio;
			};
			name = Release;
		};
		526E56C828A3A06B00EC3F45 /* Debug */ = {
			isa = XCBuildConfiguration;
			buildSettings = {
				ALWAYS_SEARCH_USER_PATHS = NO;
				CLANG_ANALYZER_NONNULL = YES;
				CLANG_ANALYZER_NUMBER_OBJECT_CONVERSION = YES_AGGRESSIVE;
				CLANG_CXX_LANGUAGE_STANDARD = "gnu++17";
				CLANG_ENABLE_MODULES = YES;
				CLANG_ENABLE_OBJC_ARC = YES;
				CLANG_ENABLE_OBJC_WEAK = YES;
				CLANG_WARN_BLOCK_CAPTURE_AUTORELEASING = YES;
				CLANG_WARN_BOOL_CONVERSION = YES;
				CLANG_WARN_COMMA = YES;
				CLANG_WARN_CONSTANT_CONVERSION = YES;
				CLANG_WARN_DEPRECATED_OBJC_IMPLEMENTATIONS = YES;
				CLANG_WARN_DIRECT_OBJC_ISA_USAGE = YES_ERROR;
				CLANG_WARN_DOCUMENTATION_COMMENTS = YES;
				CLANG_WARN_EMPTY_BODY = YES;
				CLANG_WARN_ENUM_CONVERSION = YES;
				CLANG_WARN_INFINITE_RECURSION = YES;
				CLANG_WARN_INT_CONVERSION = YES;
				CLANG_WARN_NON_LITERAL_NULL_CONVERSION = YES;
				CLANG_WARN_OBJC_IMPLICIT_RETAIN_SELF = YES;
				CLANG_WARN_OBJC_LITERAL_CONVERSION = YES;
				CLANG_WARN_OBJC_ROOT_CLASS = YES_ERROR;
				CLANG_WARN_QUOTED_INCLUDE_IN_FRAMEWORK_HEADER = YES;
				CLANG_WARN_RANGE_LOOP_ANALYSIS = YES;
				CLANG_WARN_STRICT_PROTOTYPES = YES;
				CLANG_WARN_SUSPICIOUS_MOVE = YES;
				CLANG_WARN_UNGUARDED_AVAILABILITY = YES_AGGRESSIVE;
				CLANG_WARN_UNREACHABLE_CODE = YES;
				CLANG_WARN__DUPLICATE_METHOD_MATCH = YES;
				COPY_PHASE_STRIP = NO;
				DEBUG_INFORMATION_FORMAT = dwarf;
				ENABLE_STRICT_OBJC_MSGSEND = YES;
				ENABLE_TESTABILITY = YES;
				GCC_C_LANGUAGE_STANDARD = gnu11;
				GCC_DYNAMIC_NO_PIC = NO;
				GCC_NO_COMMON_BLOCKS = YES;
				GCC_OPTIMIZATION_LEVEL = 0;
				GCC_PREPROCESSOR_DEFINITIONS = (
					"DEBUG=1",
					"$(inherited)",
				);
				GCC_WARN_64_TO_32_BIT_CONVERSION = YES;
				GCC_WARN_ABOUT_RETURN_TYPE = YES_ERROR;
				GCC_WARN_UNDECLARED_SELECTOR = YES;
				GCC_WARN_UNINITIALIZED_AUTOS = YES_AGGRESSIVE;
				GCC_WARN_UNUSED_FUNCTION = YES;
				GCC_WARN_UNUSED_VARIABLE = YES;
				IPHONEOS_DEPLOYMENT_TARGET = 15.5;
				MTL_ENABLE_DEBUG_INFO = INCLUDE_SOURCE;
				MTL_FAST_MATH = YES;
				ONLY_ACTIVE_ARCH = YES;
				SDKROOT = iphoneos;
				SWIFT_ACTIVE_COMPILATION_CONDITIONS = DEBUG;
				SWIFT_OPTIMIZATION_LEVEL = "-Onone";
			};
			name = Debug;
		};
		526E56C928A3A06B00EC3F45 /* Release */ = {
			isa = XCBuildConfiguration;
			buildSettings = {
				ALWAYS_SEARCH_USER_PATHS = NO;
				CLANG_ANALYZER_NONNULL = YES;
				CLANG_ANALYZER_NUMBER_OBJECT_CONVERSION = YES_AGGRESSIVE;
				CLANG_CXX_LANGUAGE_STANDARD = "gnu++17";
				CLANG_ENABLE_MODULES = YES;
				CLANG_ENABLE_OBJC_ARC = YES;
				CLANG_ENABLE_OBJC_WEAK = YES;
				CLANG_WARN_BLOCK_CAPTURE_AUTORELEASING = YES;
				CLANG_WARN_BOOL_CONVERSION = YES;
				CLANG_WARN_COMMA = YES;
				CLANG_WARN_CONSTANT_CONVERSION = YES;
				CLANG_WARN_DEPRECATED_OBJC_IMPLEMENTATIONS = YES;
				CLANG_WARN_DIRECT_OBJC_ISA_USAGE = YES_ERROR;
				CLANG_WARN_DOCUMENTATION_COMMENTS = YES;
				CLANG_WARN_EMPTY_BODY = YES;
				CLANG_WARN_ENUM_CONVERSION = YES;
				CLANG_WARN_INFINITE_RECURSION = YES;
				CLANG_WARN_INT_CONVERSION = YES;
				CLANG_WARN_NON_LITERAL_NULL_CONVERSION = YES;
				CLANG_WARN_OBJC_IMPLICIT_RETAIN_SELF = YES;
				CLANG_WARN_OBJC_LITERAL_CONVERSION = YES;
				CLANG_WARN_OBJC_ROOT_CLASS = YES_ERROR;
				CLANG_WARN_QUOTED_INCLUDE_IN_FRAMEWORK_HEADER = YES;
				CLANG_WARN_RANGE_LOOP_ANALYSIS = YES;
				CLANG_WARN_STRICT_PROTOTYPES = YES;
				CLANG_WARN_SUSPICIOUS_MOVE = YES;
				CLANG_WARN_UNGUARDED_AVAILABILITY = YES_AGGRESSIVE;
				CLANG_WARN_UNREACHABLE_CODE = YES;
				CLANG_WARN__DUPLICATE_METHOD_MATCH = YES;
				COPY_PHASE_STRIP = NO;
				DEBUG_INFORMATION_FORMAT = "dwarf-with-dsym";
				ENABLE_NS_ASSERTIONS = NO;
				ENABLE_STRICT_OBJC_MSGSEND = YES;
				GCC_C_LANGUAGE_STANDARD = gnu11;
				GCC_NO_COMMON_BLOCKS = YES;
				GCC_WARN_64_TO_32_BIT_CONVERSION = YES;
				GCC_WARN_ABOUT_RETURN_TYPE = YES_ERROR;
				GCC_WARN_UNDECLARED_SELECTOR = YES;
				GCC_WARN_UNINITIALIZED_AUTOS = YES_AGGRESSIVE;
				GCC_WARN_UNUSED_FUNCTION = YES;
				GCC_WARN_UNUSED_VARIABLE = YES;
				IPHONEOS_DEPLOYMENT_TARGET = 15.5;
				MTL_ENABLE_DEBUG_INFO = NO;
				MTL_FAST_MATH = YES;
				SDKROOT = iphoneos;
				SWIFT_COMPILATION_MODE = wholemodule;
				SWIFT_OPTIMIZATION_LEVEL = "-O";
				VALIDATE_PRODUCT = YES;
			};
			name = Release;
		};
		526E56CB28A3A06B00EC3F45 /* Debug */ = {
			isa = XCBuildConfiguration;
			buildSettings = {
				ASSETCATALOG_COMPILER_APPICON_NAME = AppIcon;
				ASSETCATALOG_COMPILER_GLOBAL_ACCENT_COLOR_NAME = AccentColor;
				CODE_SIGN_ENTITLEMENTS = JaejunShinPortfolio/JaejunShinPortfolio.entitlements;
				CODE_SIGN_STYLE = Automatic;
				CURRENT_PROJECT_VERSION = 1;
				DEVELOPMENT_ASSET_PATHS = "\"JaejunShinPortfolio/Preview Content\"";
				DEVELOPMENT_TEAM = YZ2HTNTHQP;
				ENABLE_PREVIEWS = YES;
				GENERATE_INFOPLIST_FILE = YES;
				INFOPLIST_FILE = JaejunShinPortfolio/Configuration/Info.plist;
				INFOPLIST_KEY_UIApplicationSceneManifest_Generation = YES;
				INFOPLIST_KEY_UIApplicationSupportsIndirectInputEvents = YES;
				INFOPLIST_KEY_UILaunchScreen_Generation = YES;
				INFOPLIST_KEY_UISupportedInterfaceOrientations_iPad = "UIInterfaceOrientationPortrait UIInterfaceOrientationPortraitUpsideDown UIInterfaceOrientationLandscapeLeft UIInterfaceOrientationLandscapeRight";
				INFOPLIST_KEY_UISupportedInterfaceOrientations_iPhone = "UIInterfaceOrientationPortrait UIInterfaceOrientationLandscapeLeft UIInterfaceOrientationLandscapeRight";
				LD_RUNPATH_SEARCH_PATHS = (
					"$(inherited)",
					"@executable_path/Frameworks",
				);
				MARKETING_VERSION = 1.0;
				PRODUCT_BUNDLE_IDENTIFIER = com.jaejunshin.JaejunShinPortfolio;
				PRODUCT_NAME = "$(TARGET_NAME)";
				SWIFT_EMIT_LOC_STRINGS = YES;
				SWIFT_VERSION = 5.0;
				TARGETED_DEVICE_FAMILY = "1,2";
			};
			name = Debug;
		};
		526E56CC28A3A06B00EC3F45 /* Release */ = {
			isa = XCBuildConfiguration;
			buildSettings = {
				ASSETCATALOG_COMPILER_APPICON_NAME = AppIcon;
				ASSETCATALOG_COMPILER_GLOBAL_ACCENT_COLOR_NAME = AccentColor;
				CODE_SIGN_ENTITLEMENTS = JaejunShinPortfolio/JaejunShinPortfolio.entitlements;
				CODE_SIGN_STYLE = Automatic;
				CURRENT_PROJECT_VERSION = 1;
				DEVELOPMENT_ASSET_PATHS = "\"JaejunShinPortfolio/Preview Content\"";
				DEVELOPMENT_TEAM = YZ2HTNTHQP;
				ENABLE_PREVIEWS = YES;
				GENERATE_INFOPLIST_FILE = YES;
				INFOPLIST_FILE = JaejunShinPortfolio/Configuration/Info.plist;
				INFOPLIST_KEY_UIApplicationSceneManifest_Generation = YES;
				INFOPLIST_KEY_UIApplicationSupportsIndirectInputEvents = YES;
				INFOPLIST_KEY_UILaunchScreen_Generation = YES;
				INFOPLIST_KEY_UISupportedInterfaceOrientations_iPad = "UIInterfaceOrientationPortrait UIInterfaceOrientationPortraitUpsideDown UIInterfaceOrientationLandscapeLeft UIInterfaceOrientationLandscapeRight";
				INFOPLIST_KEY_UISupportedInterfaceOrientations_iPhone = "UIInterfaceOrientationPortrait UIInterfaceOrientationLandscapeLeft UIInterfaceOrientationLandscapeRight";
				LD_RUNPATH_SEARCH_PATHS = (
					"$(inherited)",
					"@executable_path/Frameworks",
				);
				MARKETING_VERSION = 1.0;
				PRODUCT_BUNDLE_IDENTIFIER = com.jaejunshin.JaejunShinPortfolio;
				PRODUCT_NAME = "$(TARGET_NAME)";
				SWIFT_EMIT_LOC_STRINGS = YES;
				SWIFT_VERSION = 5.0;
				TARGETED_DEVICE_FAMILY = "1,2";
			};
			name = Release;
		};
/* End XCBuildConfiguration section */

/* Begin XCConfigurationList section */
		5201826528BC861F004C667E /* Build configuration list for PBXNativeTarget "JaejunShinPortfolioTests" */ = {
			isa = XCConfigurationList;
			buildConfigurations = (
				5201826628BC861F004C667E /* Debug */,
				5201826728BC861F004C667E /* Release */,
			);
			defaultConfigurationIsVisible = 0;
			defaultConfigurationName = Release;
		};
		5220040D28C070D100B932B4 /* Build configuration list for PBXNativeTarget "JaejunShinPortfolioUITests" */ = {
			isa = XCConfigurationList;
			buildConfigurations = (
				5220040E28C070D100B932B4 /* Debug */,
				5220040F28C070D100B932B4 /* Release */,
			);
			defaultConfigurationIsVisible = 0;
			defaultConfigurationName = Release;
		};
		526E56B728A3A06900EC3F45 /* Build configuration list for PBXProject "JaejunShinPortfolio" */ = {
			isa = XCConfigurationList;
			buildConfigurations = (
				526E56C828A3A06B00EC3F45 /* Debug */,
				526E56C928A3A06B00EC3F45 /* Release */,
			);
			defaultConfigurationIsVisible = 0;
			defaultConfigurationName = Release;
		};
		526E56CA28A3A06B00EC3F45 /* Build configuration list for PBXNativeTarget "JaejunShinPortfolio" */ = {
			isa = XCConfigurationList;
			buildConfigurations = (
				526E56CB28A3A06B00EC3F45 /* Debug */,
				526E56CC28A3A06B00EC3F45 /* Release */,
			);
			defaultConfigurationIsVisible = 0;
			defaultConfigurationName = Release;
		};
/* End XCConfigurationList section */

/* Begin XCVersionGroup section */
		526E56CD28A3A08200EC3F45 /* Main.xcdatamodeld */ = {
			isa = XCVersionGroup;
			children = (
				526E56CE28A3A08200EC3F45 /* Model.xcdatamodel */,
			);
			currentVersion = 526E56CE28A3A08200EC3F45 /* Model.xcdatamodel */;
			path = Main.xcdatamodeld;
			sourceTree = "<group>";
			versionGroupType = wrapper.xcdatamodel;
		};
/* End XCVersionGroup section */
	};
	rootObject = 526E56B428A3A06900EC3F45 /* Project object */;
}
